// !$*UTF8*$!
{
	archiveVersion = 1;
	classes = {
	};
	objectVersion = 42;
	objects = {

/* Begin PBXApplicationTarget section */
		7DDCDD4F086C4CD6004D3383 /* texture18 */ = {
			isa = PBXApplicationTarget;
			buildConfigurationList = 7D2CEB7E13A3CC9700540273 /* Build configuration list for PBXApplicationTarget "texture18" */;
			buildPhases = (
				7DDCDD4A086C4CD6004D3383 /* Headers */,
				7DDCDD4B086C4CD6004D3383 /* Resources */,
				7DDCDD4C086C4CD6004D3383 /* Sources */,
				7DDCDD4D086C4CD6004D3383 /* Frameworks */,
				7DDCDD4E086C4CD6004D3383 /* Rez */,
			);
			dependencies = (
			);
			name = texture18;
			productInstallPath = "$(USER_APPS_DIR)";
			productName = texture18;
			productReference = 7DDCDD50086C4CD6004D3383 /* texture18.app */;
			productSettingsXML = "<?xml version=\"1.0\" encoding=\"UTF-8\"?>
<!DOCTYPE plist PUBLIC \"-//Apple//DTD PLIST 1.0//EN\" \"http://www.apple.com/DTDs/PropertyList-1.0.dtd\">
<plist version=\"1.0\">
<dict>
	<key>CFBundleDevelopmentRegion</key>
	<string>English</string>
	<key>CFBundleExecutable</key>
	<string></string>
	<key>CFBundleGetInfoString</key>
	<string></string>
	<key>CFBundleIconFile</key>
	<string></string>
	<key>CFBundleIdentifier</key>
	<string></string>
	<key>CFBundleInfoDictionaryVersion</key>
	<string>6.0</string>
	<key>CFBundleName</key>
	<string></string>
	<key>CFBundlePackageType</key>
	<string>APPL</string>
	<key>CFBundleShortVersionString</key>
	<string></string>
	<key>CFBundleSignature</key>
	<string>????</string>
	<key>CFBundleVersion</key>
	<string>0.0.1d1</string>
</dict>
</plist>
";
		};
/* End PBXApplicationTarget section */

/* Begin PBXBuildFile section */
		7D2CEB8713A3CD2300540273 /* box.h in Headers */ = {isa = PBXBuildFile; fileRef = 7DDCDDEC086C4D1C004D3383 /* box.h */; };
		7D2CEB8813A3CD2300540273 /* trackball.h in Headers */ = {isa = PBXBuildFile; fileRef = 7DDCDE09086C4D1C004D3383 /* trackball.h */; };
		7D2CEB8A13A3CD2300540273 /* dot.raw in Resources */ = {isa = PBXBuildFile; fileRef = 7DDCDE01086C4D1C004D3383 /* dot.raw */; };
		7D2CEB8B13A3CD2300540273 /* paraboloid1.raw in Resources */ = {isa = PBXBuildFile; fileRef = 7DDCDE05086C4D1C004D3383 /* paraboloid1.raw */; };
		7D2CEB8C13A3CD2300540273 /* paraboloid2.raw in Resources */ = {isa = PBXBuildFile; fileRef = 7DDCDE07086C4D1C004D3383 /* paraboloid2.raw */; };
		7D2CEB8E13A3CD2300540273 /* box.cpp in Sources */ = {isa = PBXBuildFile; fileRef = 7DDCDDEB086C4D1C004D3383 /* box.cpp */; };
		7D2CEB8F13A3CD2300540273 /* main.cpp in Sources */ = {isa = PBXBuildFile; fileRef = 7DDCDE03086C4D1C004D3383 /* main.cpp */; };
		7D2CEB9013A3CD2300540273 /* trackball.cpp in Sources */ = {isa = PBXBuildFile; fileRef = 7DDCDE08086C4D1C004D3383 /* trackball.cpp */; };
		7D2CEB9213A3CD2300540273 /* GLUT.framework in Frameworks */ = {isa = PBXBuildFile; fileRef = 7DDCDD53086C4CE2004D3383 /* GLUT.framework */; };
		7D2CEB9313A3CD2300540273 /* OpenGL.framework in Frameworks */ = {isa = PBXBuildFile; fileRef = 7DDCDD68086C4CEE004D3383 /* OpenGL.framework */; };
		7D2CEB9413A3CD2300540273 /* Foundation.framework in Frameworks */ = {isa = PBXBuildFile; fileRef = 7DDCDD6A086C4CFA004D3383 /* Foundation.framework */; };
		7DDCDD54086C4CE2004D3383 /* GLUT.framework in Frameworks */ = {isa = PBXBuildFile; fileRef = 7DDCDD53086C4CE2004D3383 /* GLUT.framework */; };
		7DDCDD69086C4CEE004D3383 /* OpenGL.framework in Frameworks */ = {isa = PBXBuildFile; fileRef = 7DDCDD68086C4CEE004D3383 /* OpenGL.framework */; };
		7DDCDD6B086C4CFA004D3383 /* Foundation.framework in Frameworks */ = {isa = PBXBuildFile; fileRef = 7DDCDD6A086C4CFA004D3383 /* Foundation.framework */; };
		7DDCDE0A086C4D1C004D3383 /* box.cpp in Sources */ = {isa = PBXBuildFile; fileRef = 7DDCDDEB086C4D1C004D3383 /* box.cpp */; };
		7DDCDE0B086C4D1C004D3383 /* box.h in Headers */ = {isa = PBXBuildFile; fileRef = 7DDCDDEC086C4D1C004D3383 /* box.h */; };
		7DDCDE0E086C4D1C004D3383 /* dot.raw in Resources */ = {isa = PBXBuildFile; fileRef = 7DDCDE01086C4D1C004D3383 /* dot.raw */; };
		7DDCDE10086C4D1C004D3383 /* main.cpp in Sources */ = {isa = PBXBuildFile; fileRef = 7DDCDE03086C4D1C004D3383 /* main.cpp */; };
		7DDCDE12086C4D1C004D3383 /* paraboloid1.raw in Resources */ = {isa = PBXBuildFile; fileRef = 7DDCDE05086C4D1C004D3383 /* paraboloid1.raw */; };
		7DDCDE14086C4D1C004D3383 /* paraboloid2.raw in Resources */ = {isa = PBXBuildFile; fileRef = 7DDCDE07086C4D1C004D3383 /* paraboloid2.raw */; };
		7DDCDE15086C4D1C004D3383 /* trackball.cpp in Sources */ = {isa = PBXBuildFile; fileRef = 7DDCDE08086C4D1C004D3383 /* trackball.cpp */; };
		7DDCDE16086C4D1C004D3383 /* trackball.h in Headers */ = {isa = PBXBuildFile; fileRef = 7DDCDE09086C4D1C004D3383 /* trackball.h */; };
/* End PBXBuildFile section */

/* Begin PBXFileReference section */
		7D2CEB9A13A3CD2300540273 /* Info-texture18_____________.plist */ = {isa = PBXFileReference; lastKnownFileType = text.plist.xml; path = "Info-texture18_____________.plist"; sourceTree = "<group>"; };
		7D2CEB9B13A3CD2300540273 /* texture18.app */ = {isa = PBXFileReference; explicitFileType = wrapper.application; includeInIndex = 0; path = texture18.app; sourceTree = BUILT_PRODUCTS_DIR; };
		7DDCDD50086C4CD6004D3383 /* texture18.app */ = {isa = PBXFileReference; explicitFileType = wrapper.application; includeInIndex = 0; path = texture18.app; sourceTree = BUILT_PRODUCTS_DIR; };
		7DDCDD53086C4CE2004D3383 /* GLUT.framework */ = {isa = PBXFileReference; lastKnownFileType = wrapper.framework; name = GLUT.framework; path = /System/Library/Frameworks/GLUT.framework; sourceTree = "<absolute>"; };
		7DDCDD68086C4CEE004D3383 /* OpenGL.framework */ = {isa = PBXFileReference; lastKnownFileType = wrapper.framework; name = OpenGL.framework; path = /System/Library/Frameworks/OpenGL.framework; sourceTree = "<absolute>"; };
		7DDCDD6A086C4CFA004D3383 /* Foundation.framework */ = {isa = PBXFileReference; lastKnownFileType = wrapper.framework; name = Foundation.framework; path = /System/Library/Frameworks/Foundation.framework; sourceTree = "<absolute>"; };
		7DDCDDEB086C4D1C004D3383 /* box.cpp */ = {isa = PBXFileReference; fileEncoding = 18446744071562067969; lastKnownFileType = sourcecode.cpp.cpp; path = box.cpp; sourceTree = "<group>"; };
		7DDCDDEC086C4D1C004D3383 /* box.h */ = {isa = PBXFileReference; fileEncoding = 18446744071562067969; lastKnownFileType = sourcecode.c.h; path = box.h; sourceTree = "<group>"; };
		7DDCDE01086C4D1C004D3383 /* dot.raw */ = {isa = PBXFileReference; fileEncoding = 18446744071562067969; lastKnownFileType = text; path = dot.raw; sourceTree = "<group>"; };
		7DDCDE03086C4D1C004D3383 /* main.cpp */ = {isa = PBXFileReference; fileEncoding = 18446744071562067969; lastKnownFileType = sourcecode.cpp.cpp; path = main.cpp; sourceTree = "<group>"; };
		7DDCDE05086C4D1C004D3383 /* paraboloid1.raw */ = {isa = PBXFileReference; lastKnownFileType = file; path = paraboloid1.raw; sourceTree = "<group>"; };
		7DDCDE07086C4D1C004D3383 /* paraboloid2.raw */ = {isa = PBXFileReference; lastKnownFileType = file; path = paraboloid2.raw; sourceTree = "<group>"; };
		7DDCDE08086C4D1C004D3383 /* trackball.cpp */ = {isa = PBXFileReference; fileEncoding = 18446744071562067969; lastKnownFileType = sourcecode.cpp.cpp; path = trackball.cpp; sourceTree = "<group>"; };
		7DDCDE09086C4D1C004D3383 /* trackball.h */ = {isa = PBXFileReference; fileEncoding = 18446744071562067969; lastKnownFileType = sourcecode.c.h; path = trackball.h; sourceTree = "<group>"; };
/* End PBXFileReference section */

/* Begin PBXFrameworksBuildPhase section */
		7D2CEB9113A3CD2300540273 /* Frameworks */ = {
			isa = PBXFrameworksBuildPhase;
			buildActionMask = 2147483647;
			files = (
				7D2CEB9213A3CD2300540273 /* GLUT.framework in Frameworks */,
				7D2CEB9313A3CD2300540273 /* OpenGL.framework in Frameworks */,
				7D2CEB9413A3CD2300540273 /* Foundation.framework in Frameworks */,
			);
			runOnlyForDeploymentPostprocessing = 0;
		};
		7DDCDD4D086C4CD6004D3383 /* Frameworks */ = {
			isa = PBXFrameworksBuildPhase;
			buildActionMask = 2147483647;
			files = (
				7DDCDD54086C4CE2004D3383 /* GLUT.framework in Frameworks */,
				7DDCDD69086C4CEE004D3383 /* OpenGL.framework in Frameworks */,
				7DDCDD6B086C4CFA004D3383 /* Foundation.framework in Frameworks */,
			);
			runOnlyForDeploymentPostprocessing = 0;
		};
/* End PBXFrameworksBuildPhase section */

/* Begin PBXGroup section */
		7DDCDD42086C4CBE004D3383 = {
			isa = PBXGroup;
			children = (
				7DDCDD53086C4CE2004D3383 /* GLUT.framework */,
				7DDCDD68086C4CEE004D3383 /* OpenGL.framework */,
				7DDCDD6A086C4CFA004D3383 /* Foundation.framework */,
				7DDCDDEB086C4D1C004D3383 /* box.cpp */,
				7DDCDDEC086C4D1C004D3383 /* box.h */,
				7DDCDE08086C4D1C004D3383 /* trackball.cpp */,
				7DDCDE09086C4D1C004D3383 /* trackball.h */,
				7DDCDE03086C4D1C004D3383 /* main.cpp */,
				7DDCDE01086C4D1C004D3383 /* dot.raw */,
				7DDCDE05086C4D1C004D3383 /* paraboloid1.raw */,
				7DDCDE07086C4D1C004D3383 /* paraboloid2.raw */,
				7DDCDD51086C4CD6004D3383 /* Products */,
				7D2CEB9A13A3CD2300540273 /* Info-texture18_____________.plist */,
			);
			sourceTree = "<group>";
		};
		7DDCDD51086C4CD6004D3383 /* Products */ = {
			isa = PBXGroup;
			children = (
				7DDCDD50086C4CD6004D3383 /* texture18.app */,
				7D2CEB9B13A3CD2300540273 /* texture18.app */,
			);
			name = Products;
			sourceTree = "<group>";
		};
/* End PBXGroup section */

/* Begin PBXHeadersBuildPhase section */
		7D2CEB8613A3CD2300540273 /* Headers */ = {
			isa = PBXHeadersBuildPhase;
			buildActionMask = 2147483647;
			files = (
				7D2CEB8713A3CD2300540273 /* box.h in Headers */,
				7D2CEB8813A3CD2300540273 /* trackball.h in Headers */,
			);
			runOnlyForDeploymentPostprocessing = 0;
		};
		7DDCDD4A086C4CD6004D3383 /* Headers */ = {
			isa = PBXHeadersBuildPhase;
			buildActionMask = 2147483647;
			files = (
				7DDCDE0B086C4D1C004D3383 /* box.h in Headers */,
				7DDCDE16086C4D1C004D3383 /* trackball.h in Headers */,
			);
			runOnlyForDeploymentPostprocessing = 0;
		};
/* End PBXHeadersBuildPhase section */

/* Begin PBXNativeTarget section */
		7D2CEB8513A3CD2300540273 /* texture18（アップグレードしました） */ = {
			isa = PBXNativeTarget;
			buildConfigurationList = 7D2CEB9613A3CD2300540273 /* Build configuration list for PBXNativeTarget "texture18（アップグレードしました）" */;
			buildPhases = (
				7D2CEB8613A3CD2300540273 /* Headers */,
				7D2CEB8913A3CD2300540273 /* Resources */,
				7D2CEB8D13A3CD2300540273 /* Sources */,
				7D2CEB9113A3CD2300540273 /* Frameworks */,
				7D2CEB9513A3CD2300540273 /* Rez */,
			);
			buildRules = (
			);
			dependencies = (
			);
			name = "texture18（アップグレードしました）";
			productInstallPath = "$(USER_APPS_DIR)";
			productName = texture18;
			productReference = 7D2CEB9B13A3CD2300540273 /* texture18.app */;
			productType = "com.apple.product-type.application";
		};
/* End PBXNativeTarget section */

/* Begin PBXProject section */
		7DDCDD46086C4CBE004D3383 /* Project object */ = {
			isa = PBXProject;
			buildConfigurationList = 7D2CEB7D13A3CC9700540273 /* Build configuration list for PBXProject "texture18" */;
			compatibilityVersion = "Xcode 2.4";
			developmentRegion = English;
			hasScannedForEncodings = 0;
			knownRegions = (
				English,
				Japanese,
				French,
				German,
			);
			mainGroup = 7DDCDD42086C4CBE004D3383;
			productRefGroup = 7DDCDD51086C4CD6004D3383 /* Products */;
			projectDirPath = "";
			projectRoot = "";
			targets = (
				7D2CEB8513A3CD2300540273 /* texture18（アップグレードしました） */,
				7DDCDD4F086C4CD6004D3383 /* texture18 */,
			);
		};
/* End PBXProject section */

/* Begin PBXResourcesBuildPhase section */
		7D2CEB8913A3CD2300540273 /* Resources */ = {
			isa = PBXResourcesBuildPhase;
			buildActionMask = 2147483647;
			files = (
				7D2CEB8A13A3CD2300540273 /* dot.raw in Resources */,
				7D2CEB8B13A3CD2300540273 /* paraboloid1.raw in Resources */,
				7D2CEB8C13A3CD2300540273 /* paraboloid2.raw in Resources */,
			);
			runOnlyForDeploymentPostprocessing = 0;
		};
		7DDCDD4B086C4CD6004D3383 /* Resources */ = {
			isa = PBXResourcesBuildPhase;
			buildActionMask = 2147483647;
			files = (
				7DDCDE0E086C4D1C004D3383 /* dot.raw in Resources */,
				7DDCDE12086C4D1C004D3383 /* paraboloid1.raw in Resources */,
				7DDCDE14086C4D1C004D3383 /* paraboloid2.raw in Resources */,
			);
			runOnlyForDeploymentPostprocessing = 0;
		};
/* End PBXResourcesBuildPhase section */

/* Begin PBXRezBuildPhase section */
		7D2CEB9513A3CD2300540273 /* Rez */ = {
			isa = PBXRezBuildPhase;
			buildActionMask = 2147483647;
			files = (
			);
			runOnlyForDeploymentPostprocessing = 0;
		};
		7DDCDD4E086C4CD6004D3383 /* Rez */ = {
			isa = PBXRezBuildPhase;
			buildActionMask = 2147483647;
			files = (
			);
			runOnlyForDeploymentPostprocessing = 0;
		};
/* End PBXRezBuildPhase section */

/* Begin PBXSourcesBuildPhase section */
		7D2CEB8D13A3CD2300540273 /* Sources */ = {
			isa = PBXSourcesBuildPhase;
			buildActionMask = 2147483647;
			files = (
				7D2CEB8E13A3CD2300540273 /* box.cpp in Sources */,
				7D2CEB8F13A3CD2300540273 /* main.cpp in Sources */,
				7D2CEB9013A3CD2300540273 /* trackball.cpp in Sources */,
			);
			runOnlyForDeploymentPostprocessing = 0;
		};
		7DDCDD4C086C4CD6004D3383 /* Sources */ = {
			isa = PBXSourcesBuildPhase;
			buildActionMask = 2147483647;
			files = (
				7DDCDE0A086C4D1C004D3383 /* box.cpp in Sources */,
				7DDCDE10086C4D1C004D3383 /* main.cpp in Sources */,
				7DDCDE15086C4D1C004D3383 /* trackball.cpp in Sources */,
			);
			runOnlyForDeploymentPostprocessing = 0;
		};
/* End PBXSourcesBuildPhase section */

/* Begin XCBuildConfiguration section */
		7D2CEB7713A3CC9700540273 /* Development */ = {
			isa = XCBuildConfiguration;
			buildSettings = {
			};
			name = Development;
		};
		7D2CEB7813A3CC9700540273 /* Deployment */ = {
			isa = XCBuildConfiguration;
			buildSettings = {
			};
			name = Deployment;
		};
		7D2CEB7913A3CC9700540273 /* Default */ = {
			isa = XCBuildConfiguration;
			buildSettings = {
			};
			name = Default;
		};
		7D2CEB7A13A3CC9700540273 /* Development */ = {
			isa = XCBuildConfiguration;
			buildSettings = {
				COPY_PHASE_STRIP = NO;
				OTHER_CFLAGS = "";
				OTHER_LDFLAGS = "";
				OTHER_REZFLAGS = "";
				PRODUCT_NAME = texture18;
				SECTORDER_FLAGS = "";
				WARNING_CFLAGS = (
					"-Wmost",
					"-Wno-four-char-constants",
					"-Wno-unknown-pragmas",
				);
				WRAPPER_EXTENSION = app;
			};
			name = Development;
		};
		7D2CEB7B13A3CC9700540273 /* Deployment */ = {
			isa = XCBuildConfiguration;
			buildSettings = {
				COPY_PHASE_STRIP = YES;
				OTHER_CFLAGS = "";
				OTHER_LDFLAGS = "";
				OTHER_REZFLAGS = "";
				PRODUCT_NAME = texture18;
				SECTORDER_FLAGS = "";
				WARNING_CFLAGS = (
					"-Wmost",
					"-Wno-four-char-constants",
					"-Wno-unknown-pragmas",
				);
				WRAPPER_EXTENSION = app;
			};
			name = Deployment;
		};
		7D2CEB7C13A3CC9700540273 /* Default */ = {
			isa = XCBuildConfiguration;
			buildSettings = {
				OTHER_CFLAGS = "";
				OTHER_LDFLAGS = "";
				OTHER_REZFLAGS = "";
				PRODUCT_NAME = texture18;
				SECTORDER_FLAGS = "";
				WARNING_CFLAGS = (
					"-Wmost",
					"-Wno-four-char-constants",
					"-Wno-unknown-pragmas",
				);
				WRAPPER_EXTENSION = app;
			};
			name = Default;
		};
		7D2CEB9713A3CD2300540273 /* Development */ = {
			isa = XCBuildConfiguration;
			buildSettings = {
				COPY_PHASE_STRIP = NO;
				GCC_SYMBOLS_PRIVATE_EXTERN = NO;
				INFOPLIST_FILE = "Info-texture18_____________.plist";
				OTHER_CFLAGS = "";
				OTHER_LDFLAGS = "";
				OTHER_REZFLAGS = "";
				PRODUCT_NAME = texture18;
				SECTORDER_FLAGS = "";
				WARNING_CFLAGS = (
					"-Wmost",
					"-Wno-four-char-constants",
					"-Wno-unknown-pragmas",
				);
				WRAPPER_EXTENSION = app;
			};
			name = Development;
		};
		7D2CEB9813A3CD2300540273 /* Deployment */ = {
			isa = XCBuildConfiguration;
			buildSettings = {
				COPY_PHASE_STRIP = YES;
				GCC_SYMBOLS_PRIVATE_EXTERN = NO;
				INFOPLIST_FILE = "Info-texture18_____________.plist";
				OTHER_CFLAGS = "";
				OTHER_LDFLAGS = "";
				OTHER_REZFLAGS = "";
				PRODUCT_NAME = texture18;
				SECTORDER_FLAGS = "";
				WARNING_CFLAGS = (
					"-Wmost",
					"-Wno-four-char-constants",
					"-Wno-unknown-pragmas",
				);
				WRAPPER_EXTENSION = app;
			};
			name = Deployment;
		};
		7D2CEB9913A3CD2300540273 /* Default */ = {
			isa = XCBuildConfiguration;
			buildSettings = {
				GCC_SYMBOLS_PRIVATE_EXTERN = NO;
				INFOPLIST_FILE = "Info-texture18_____________.plist";
				OTHER_CFLAGS = "";
				OTHER_LDFLAGS = "";
				OTHER_REZFLAGS = "";
				PRODUCT_NAME = texture18;
				SECTORDER_FLAGS = "";
				WARNING_CFLAGS = (
					"-Wmost",
					"-Wno-four-char-constants",
					"-Wno-unknown-pragmas",
				);
				WRAPPER_EXTENSION = app;
			};
			name = Default;
		};
/* End XCBuildConfiguration section */

/* Begin XCConfigurationList section */
		7D2CEB7D13A3CC9700540273 /* Build configuration list for PBXProject "texture18" */ = {
			isa = XCConfigurationList;
			buildConfigurations = (
				7D2CEB7713A3CC9700540273 /* Development */,
				7D2CEB7813A3CC9700540273 /* Deployment */,
				7D2CEB7913A3CC9700540273 /* Default */,
			);
			defaultConfigurationIsVisible = 0;
			defaultConfigurationName = Default;
		};
		7D2CEB7E13A3CC9700540273 /* Build configuration list for PBXApplicationTarget "texture18" */ = {
			isa = XCConfigurationList;
			buildConfigurations = (
				7D2CEB7A13A3CC9700540273 /* Development */,
				7D2CEB7B13A3CC9700540273 /* Deployment */,
				7D2CEB7C13A3CC9700540273 /* Default */,
			);
			defaultConfigurationIsVisible = 0;
			defaultConfigurationName = Default;
		};
		7D2CEB9613A3CD2300540273 /* Build configuration list for PBXNativeTarget "texture18（アップグレードしました）" */ = {
			isa = XCConfigurationList;
			buildConfigurations = (
				7D2CEB9713A3CD2300540273 /* Development */,
				7D2CEB9813A3CD2300540273 /* Deployment */,
				7D2CEB9913A3CD2300540273 /* Default */,
			);
			defaultConfigurationIsVisible = 0;
			defaultConfigurationName = Default;
		};
/* End XCConfigurationList section */
	};
	rootObject = 7DDCDD46086C4CBE004D3383 /* Project object */;
}
